
Microsoft Visual Studio Solution File, Format Version 12.00
# Visual Studio Version 17
VisualStudioVersion = 17.14.36202.13 d17.14
MinimumVisualStudioVersion = 10.0.40219.1
Project("{FAE04EC0-301F-11D3-BF4B-00C04F79EFBC}") = "SistemaInventario", "SistemaInventario\SistemaInventario.csproj", "{3598223F-1DED-4AC9-8BA4-F84E8F304295}"
EndProject
Global
	GlobalSection(SolutionConfigurationPlatforms) = preSolution
		Debug|Any CPU = Debug|Any CPU
		Release|Any CPU = Release|Any CPU
	EndGlobalSection
	GlobalSection(ProjectConfigurationPlatforms) = postSolution
		{3598223F-1DED-4AC9-8BA4-F84E8F304295}.Debug|Any CPU.ActiveCfg = Debug|Any CPU
		{3598223F-1DED-4AC9-8BA4-F84E8F304295}.Debug|Any CPU.Build.0 = Debug|Any CPU
		{3598223F-1DED-4AC9-8BA4-F84E8F304295}.Release|Any CPU.ActiveCfg = Release|Any CPU
		{3598223F-1DED-4AC9-8BA4-F84E8F304295}.Release|Any CPU.Build.0 = Release|Any CPU
	EndGlobalSection
	GlobalSection(SolutionProperties) = preSolution
		HideSolutionNode = FALSE
	EndGlobalSection
	GlobalSection(ExtensibilityGlobals) = postSolution
		SolutionGuid = {8CC64B45-5FF3-480E-84EA-4A3998948606}
	EndGlobalSection
EndGlobal
